// !$*UTF8*$!
{
	archiveVersion = 1;
	classes = {
	};
	objectVersion = 46;
	objects = {

/* Begin PBXBuildFile section */
		57024CAA1ED340A800C2434F /* AppDelegate.swift in Sources */ = {isa = PBXBuildFile; fileRef = 57024CA91ED340A800C2434F /* AppDelegate.swift */; };
		57024CAC1ED340A800C2434F /* SearchRepoVC.swift in Sources */ = {isa = PBXBuildFile; fileRef = 57024CAB1ED340A800C2434F /* SearchRepoVC.swift */; };
		57024CAF1ED340A800C2434F /* Main.storyboard in Resources */ = {isa = PBXBuildFile; fileRef = 57024CAD1ED340A800C2434F /* Main.storyboard */; };
		57024CB11ED340A800C2434F /* Assets.xcassets in Resources */ = {isa = PBXBuildFile; fileRef = 57024CB01ED340A800C2434F /* Assets.xcassets */; };
		57024CB41ED340A800C2434F /* LaunchScreen.storyboard in Resources */ = {isa = PBXBuildFile; fileRef = 57024CB21ED340A800C2434F /* LaunchScreen.storyboard */; };
/* End PBXBuildFile section */

/* Begin PBXFileReference section */
		57024CA61ED340A800C2434F /* github-repo-search.app */ = {isa = PBXFileReference; explicitFileType = wrapper.application; includeInIndex = 0; path = "github-repo-search.app"; sourceTree = BUILT_PRODUCTS_DIR; };
		57024CA91ED340A800C2434F /* AppDelegate.swift */ = {isa = PBXFileReference; lastKnownFileType = sourcecode.swift; path = AppDelegate.swift; sourceTree = "<group>"; };
		57024CAB1ED340A800C2434F /* SearchRepoVC.swift */ = {isa = PBXFileReference; lastKnownFileType = sourcecode.swift; path = SearchRepoVC.swift; sourceTree = "<group>"; };
		57024CAE1ED340A800C2434F /* Base */ = {isa = PBXFileReference; lastKnownFileType = file.storyboard; name = Base; path = Base.lproj/Main.storyboard; sourceTree = "<group>"; };
		57024CB01ED340A800C2434F /* Assets.xcassets */ = {isa = PBXFileReference; lastKnownFileType = folder.assetcatalog; path = Assets.xcassets; sourceTree = "<group>"; };
		57024CB31ED340A800C2434F /* Base */ = {isa = PBXFileReference; lastKnownFileType = file.storyboard; name = Base; path = Base.lproj/LaunchScreen.storyboard; sourceTree = "<group>"; };
		57024CB51ED340A800C2434F /* Info.plist */ = {isa = PBXFileReference; lastKnownFileType = text.plist.xml; path = Info.plist; sourceTree = "<group>"; };
/* End PBXFileReference section */

/* Begin PBXFrameworksBuildPhase section */
		57024CA31ED340A800C2434F /* Frameworks */ = {
			isa = PBXFrameworksBuildPhase;
			buildActionMask = 2147483647;
			files = (
			);
			runOnlyForDeploymentPostprocessing = 0;
		};
/* End PBXFrameworksBuildPhase section */

/* Begin PBXGroup section */
		57024C9D1ED340A700C2434F = {
			isa = PBXGroup;
			children = (
				57024CA81ED340A800C2434F /* github-repo-search */,
				57024CA71ED340A800C2434F /* Products */,
			);
			sourceTree = "<group>";
		};
		57024CA71ED340A800C2434F /* Products */ = {
			isa = PBXGroup;
			children = (
				57024CA61ED340A800C2434F /* github-repo-search.app */,
			);
			name = Products;
			sourceTree = "<group>";
		};
		57024CA81ED340A800C2434F /* github-repo-search */ = {
			isa = PBXGroup;
			children = (
				57024CA91ED340A800C2434F /* AppDelegate.swift */,
				57024CAB1ED340A800C2434F /* SearchRepoVC.swift */,
				57024CAD1ED340A800C2434F /* Main.storyboard */,
				57024CB01ED340A800C2434F /* Assets.xcassets */,
				57024CB21ED340A800C2434F /* LaunchScreen.storyboard */,
				57024CB51ED340A800C2434F /* Info.plist */,
			);
			path = "github-repo-search";
			sourceTree = "<group>";
		};
/* End PBXGroup section */

/* Begin PBXNativeTarget section */
		57024CA51ED340A800C2434F /* github-repo-search */ = {
			isa = PBXNativeTarget;
			buildConfigurationList = 57024CB81ED340A800C2434F /* Build configuration list for PBXNativeTarget "github-repo-search" */;
			buildPhases = (
				57024CA21ED340A800C2434F /* Sources */,
				57024CA31ED340A800C2434F /* Frameworks */,
				57024CA41ED340A800C2434F /* Resources */,
			);
			buildRules = (
			);
			dependencies = (
			);
			name = "github-repo-search";
			productName = "github-repo-search";
			productReference = 57024CA61ED340A800C2434F /* github-repo-search.app */;
			productType = "com.apple.product-type.application";
		};
/* End PBXNativeTarget section */

/* Begin PBXProject section */
		57024C9E1ED340A700C2434F /* Project object */ = {
			isa = PBXProject;
			attributes = {
				LastSwiftUpdateCheck = 0830;
				LastUpgradeCheck = 0830;
				ORGANIZATIONNAME = "Masaya Hayashi";
				TargetAttributes = {
					57024CA51ED340A800C2434F = {
						CreatedOnToolsVersion = 8.3.2;
						DevelopmentTeam = L9A82E54U5;
						ProvisioningStyle = Automatic;
					};
				};
			};
			buildConfigurationList = 57024CA11ED340A700C2434F /* Build configuration list for PBXProject "github-repo-search" */;
			compatibilityVersion = "Xcode 3.2";
			developmentRegion = English;
			hasScannedForEncodings = 0;
			knownRegions = (
				en,
				Base,
			);
			mainGroup = 57024C9D1ED340A700C2434F;
			productRefGroup = 57024CA71ED340A800C2434F /* Products */;
			projectDirPath = "";
			projectRoot = "";
			targets = (
				57024CA51ED340A800C2434F /* github-repo-search */,
			);
		};
/* End PBXProject section */

/* Begin PBXResourcesBuildPhase section */
		57024CA41ED340A800C2434F /* Resources */ = {
			isa = PBXResourcesBuildPhase;
			buildActionMask = 2147483647;
			files = (
				57024CB41ED340A800C2434F /* LaunchScreen.storyboard in Resources */,
				57024CB11ED340A800C2434F /* Assets.xcassets in Resources */,
				57024CAF1ED340A800C2434F /* Main.storyboard in Resources */,
			);
			runOnlyForDeploymentPostprocessing = 0;
		};
/* End PBXResourcesBuildPhase section */

/* Begin PBXSourcesBuildPhase section */
		57024CA21ED340A800C2434F /* Sources */ = {
			isa = PBXSourcesBuildPhase;
			buildActionMask = 2147483647;
			files = (
				57024CAC1ED340A800C2434F /* SearchRepoVC.swift in Sources */,
				57024CAA1ED340A800C2434F /* AppDelegate.swift in Sources */,
			);
			runOnlyForDeploymentPostprocessing = 0;
		};
/* End PBXSourcesBuildPhase section */

/* Begin PBXVariantGroup section */
		57024CAD1ED340A800C2434F /* Main.storyboard */ = {
			isa = PBXVariantGroup;
			children = (
				57024CAE1ED340A800C2434F /* Base */,
			);
			name = Main.storyboard;
			sourceTree = "<group>";
		};
		57024CB21ED340A800C2434F /* LaunchScreen.storyboard */ = {
			isa = PBXVariantGroup;
			children = (
				57024CB31ED340A800C2434F /* Base */,
			);
			name = LaunchScreen.storyboard;
			sourceTree = "<group>";
		};
/* End PBXVariantGroup section */

/* Begin XCBuildConfiguration section */
		57024CB61ED340A800C2434F /* Debug */ = {
			isa = XCBuildConfiguration;
			buildSettings = {
				ALWAYS_SEARCH_USER_PATHS = NO;
				CLANG_ANALYZER_NONNULL = YES;
				CLANG_ANALYZER_NUMBER_OBJECT_CONVERSION = YES_AGGRESSIVE;
				CLANG_CXX_LANGUAGE_STANDARD = "gnu++0x";
				CLANG_CXX_LIBRARY = "libc++";
				CLANG_ENABLE_MODULES = YES;
				CLANG_ENABLE_OBJC_ARC = YES;
				CLANG_WARN_BOOL_CONVERSION = YES;
				CLANG_WARN_CONSTANT_CONVERSION = YES;
				CLANG_WARN_DIRECT_OBJC_ISA_USAGE = YES_ERROR;
				CLANG_WARN_DOCUMENTATION_COMMENTS = YES;
				CLANG_WARN_EMPTY_BODY = YES;
				CLANG_WARN_ENUM_CONVERSION = YES;
				CLANG_WARN_INFINITE_RECURSION = YES;
				CLANG_WARN_INT_CONVERSION = YES;
				CLANG_WARN_OBJC_ROOT_CLASS = YES_ERROR;
				CLANG_WARN_SUSPICIOUS_MOVE = YES;
				CLANG_WARN_UNREACHABLE_CODE = YES;
				CLANG_WARN__DUPLICATE_METHOD_MATCH = YES;
				"CODE_SIGN_IDENTITY[sdk=iphoneos*]" = "iPhone Developer";
				COPY_PHASE_STRIP = NO;
				DEBUG_INFORMATION_FORMAT = dwarf;
				ENABLE_STRICT_OBJC_MSGSEND = YES;
				ENABLE_TESTABILITY = YES;
				GCC_C_LANGUAGE_STANDARD = gnu99;
				GCC_DYNAMIC_NO_PIC = NO;
				GCC_NO_COMMON_BLOCKS = YES;
				GCC_OPTIMIZATION_LEVEL = 0;
				GCC_PREPROCESSOR_DEFINITIONS = (
					"DEBUG=1",
					"$(inherited)",
				);
				GCC_WARN_64_TO_32_BIT_CONVERSION = YES;
				GCC_WARN_ABOUT_RETURN_TYPE = YES_ERROR;
				GCC_WARN_UNDECLARED_SELECTOR = YES;
				GCC_WARN_UNINITIALIZED_AUTOS = YES_AGGRESSIVE;
				GCC_WARN_UNUSED_FUNCTION = YES;
				GCC_WARN_UNUSED_VARIABLE = YES;
				IPHONEOS_DEPLOYMENT_TARGET = 10.3;
				MTL_ENABLE_DEBUG_INFO = YES;
				ONLY_ACTIVE_ARCH = YES;
				SDKROOT = iphoneos;
				SWIFT_ACTIVE_COMPILATION_CONDITIONS = DEBUG;
				SWIFT_OPTIMIZATION_LEVEL = "-Onone";
			};
			name = Debug;
		};
		57024CB71ED340A800C2434F /* Release */ = {
			isa = XCBuildConfiguration;
			buildSettings = {
				ALWAYS_SEARCH_USER_PATHS = NO;
				CLANG_ANALYZER_NONNULL = YES;
				CLANG_ANALYZER_NUMBER_OBJECT_CONVERSION = YES_AGGRESSIVE;
				CLANG_CXX_LANGUAGE_STANDARD = "gnu++0x";
				CLANG_CXX_LIBRARY = "libc++";
				CLANG_ENABLE_MODULES = YES;
				CLANG_ENABLE_OBJC_ARC = YES;
				CLANG_WARN_BOOL_CONVERSION = YES;
				CLANG_WARN_CONSTANT_CONVERSION = YES;
				CLANG_WARN_DIRECT_OBJC_ISA_USAGE = YES_ERROR;
				CLANG_WARN_DOCUMENTATION_COMMENTS = YES;
				CLANG_WARN_EMPTY_BODY = YES;
				CLANG_WARN_ENUM_CONVERSION = YES;
				CLANG_WARN_INFINITE_RECURSION = YES;
				CLANG_WARN_INT_CONVERSION = YES;
				CLANG_WARN_OBJC_ROOT_CLASS = YES_ERROR;
				CLANG_WARN_SUSPICIOUS_MOVE = YES;
				CLANG_WARN_UNREACHABLE_CODE = YES;
				CLANG_WARN__DUPLICATE_METHOD_MATCH = YES;
				"CODE_SIGN_IDENTITY[sdk=iphoneos*]" = "iPhone Developer";
				COPY_PHASE_STRIP = NO;
				DEBUG_INFORMATION_FORMAT = "dwarf-with-dsym";
				ENABLE_NS_ASSERTIONS = NO;
				ENABLE_STRICT_OBJC_MSGSEND = YES;
				GCC_C_LANGUAGE_STANDARD = gnu99;
				GCC_NO_COMMON_BLOCKS = YES;
				GCC_WARN_64_TO_32_BIT_CONVERSION = YES;
				GCC_WARN_ABOUT_RETURN_TYPE = YES_ERROR;
				GCC_WARN_UNDECLARED_SELECTOR = YES;
				GCC_WARN_UNINITIALIZED_AUTOS = YES_AGGRESSIVE;
				GCC_WARN_UNUSED_FUNCTION = YES;
				GCC_WARN_UNUSED_VARIABLE = YES;
				IPHONEOS_DEPLOYMENT_TARGET = 10.3;
				MTL_ENABLE_DEBUG_INFO = NO;
				SDKROOT = iphoneos;
				SWIFT_OPTIMIZATION_LEVEL = "-Owholemodule";
				VALIDATE_PRODUCT = YES;
			};
			name = Release;
		};
		57024CB91ED340A800C2434F /* Debug */ = {
			isa = XCBuildConfiguration;
			buildSettings = {
				ASSETCATALOG_COMPILER_APPICON_NAME = AppIcon;
				DEVELOPMENT_TEAM = L9A82E54U5;
				INFOPLIST_FILE = "github-repo-search/Info.plist";
				LD_RUNPATH_SEARCH_PATHS = "$(inherited) @executable_path/Frameworks";
				PRODUCT_BUNDLE_IDENTIFIER = "com.masayahayashi.github-repo-search";
				PRODUCT_NAME = "$(TARGET_NAME)";
				SWIFT_VERSION = 3.0;
			};
			name = Debug;
		};
		57024CBA1ED340A800C2434F /* Release */ = {
			isa = XCBuildConfiguration;
			buildSettings = {
				ASSETCATALOG_COMPILER_APPICON_NAME = AppIcon;
				DEVELOPMENT_TEAM = L9A82E54U5;
				INFOPLIST_FILE = "github-repo-search/Info.plist";
				LD_RUNPATH_SEARCH_PATHS = "$(inherited) @executable_path/Frameworks";
				PRODUCT_BUNDLE_IDENTIFIER = "com.masayahayashi.github-repo-search";
				PRODUCT_NAME = "$(TARGET_NAME)";
				SWIFT_VERSION = 3.0;
			};
			name = Release;
		};
/* End XCBuildConfiguration section */

/* Begin XCConfigurationList section */
		57024CA11ED340A700C2434F /* Build configuration list for PBXProject "github-repo-search" */ = {
			isa = XCConfigurationList;
			buildConfigurations = (
				57024CB61ED340A800C2434F /* Debug */,
				57024CB71ED340A800C2434F /* Release */,
			);
			defaultConfigurationIsVisible = 0;
			defaultConfigurationName = Release;
		};
		57024CB81ED340A800C2434F /* Build configuration list for PBXNativeTarget "github-repo-search" */ = {
			isa = XCConfigurationList;
			buildConfigurations = (
				57024CB91ED340A800C2434F /* Debug */,
				57024CBA1ED340A800C2434F /* Release */,
			);
			defaultConfigurationIsVisible = 0;
		};
/* End XCConfigurationList section */
	};
	rootObject = 57024C9E1ED340A700C2434F /* Project object */;
}
